{
  "name": "stylesetter",
  "version": "1.0.1",
  "lockfileVersion": 2,
  "requires": true,
  "packages": {
    "": {
      "name": "stylesetter",
      "version": "1.0.1",
      "license": "MIT",
      "dependencies": {
        "fast-xml-parser": "^4.0.0-beta.6"
      }
    },
    "node_modules/fast-xml-parser": {
      "version": "4.0.0-beta.6",
      "resolved": "https://registry.npmjs.org/fast-xml-parser/-/fast-xml-parser-4.0.0-beta.6.tgz",
      "integrity": "sha512-rICUdpYy7HtUxu8WYTvZ8AswOZSZ/L25nJ/Ba51sdLVRdDRotbf05bSeZhQAsspATGSU/Qb6IssYaOFu1ZVw9A==",
      "dependencies": {
        "strnum": "^1.0.5"
      },
      "bin": {
        "fxparser": "src/cli/cli.js"
      },
      "funding": {
        "type": "paypal",
        "url": "https://paypal.me/naturalintelligence"
      }
    },
    "node_modules/strnum": {
      "version": "1.0.5",
      "resolved": "https://registry.npmjs.org/strnum/-/strnum-1.0.5.tgz",
      "integrity": "sha512-J8bbNyKKXl5qYcR36TIO8W3mVGVHrmmxsd5PAItGkmyzwJvybiw2IVq5nqd0i4LSNSkB/sx9VHllbfFdr9k1JA=="
    }
  },
  "dependencies": {
    "fast-xml-parser": {
      "version": "4.0.0-beta.6",
      "resolved": "https://registry.npmjs.org/fast-xml-parser/-/fast-xml-parser-4.0.0-beta.6.tgz",
      "integrity": "sha512-rICUdpYy7HtUxu8WYTvZ8AswOZSZ/L25nJ/Ba51sdLVRdDRotbf05bSeZhQAsspATGSU/Qb6IssYaOFu1ZVw9A==",
      "requires": {
        "strnum": "^1.0.5"
      }
    },
    "strnum": {
      "version": "1.0.5",
      "resolved": "https://registry.npmjs.org/strnum/-/strnum-1.0.5.tgz",
      "integrity": "sha512-J8bbNyKKXl5qYcR36TIO8W3mVGVHrmmxsd5PAItGkmyzwJvybiw2IVq5nqd0i4LSNSkB/sx9VHllbfFdr9k1JA=="
    }
  }
}
